// !$*UTF8*$!
{
	archiveVersion = 1;
	classes = {
	};
	objectVersion = 46;
	objects = {

/* Begin PBXBuildFile section */
		3BBA4B951EC1B9AF005350BC /* RxApollo.h in Headers */ = {isa = PBXBuildFile; fileRef = 3BBA4B931EC1B9AF005350BC /* RxApollo.h */; settings = {ATTRIBUTES = (Public, ); }; };
		3BBA4B9C1EC1B9E0005350BC /* RxApollo.swift in Sources */ = {isa = PBXBuildFile; fileRef = 3BBA4B9B1EC1B9E0005350BC /* RxApollo.swift */; };
		3BBA4BA01EC1BBB7005350BC /* Apollo.framework in Frameworks */ = {isa = PBXBuildFile; fileRef = 3BBA4B9D1EC1BB99005350BC /* Apollo.framework */; };
		3BBA4BA11EC1BBB7005350BC /* RxSwift.framework in Frameworks */ = {isa = PBXBuildFile; fileRef = 3BBA4B9E1EC1BB99005350BC /* RxSwift.framework */; };
		3BBA4BA91EC22A5A005350BC /* RxApolloTests.swift in Sources */ = {isa = PBXBuildFile; fileRef = 3BBA4BA81EC22A5A005350BC /* RxApolloTests.swift */; };
		3BBA4BAB1EC22A5A005350BC /* RxApollo.framework in Frameworks */ = {isa = PBXBuildFile; fileRef = 3BBA4B901EC1B9AF005350BC /* RxApollo.framework */; };
		3BBA4BB11EC22AA2005350BC /* Apollo.framework in Frameworks */ = {isa = PBXBuildFile; fileRef = 3BBA4B9D1EC1BB99005350BC /* Apollo.framework */; };
		3BBA4BB21EC22AA2005350BC /* RxSwift.framework in Frameworks */ = {isa = PBXBuildFile; fileRef = 3BBA4B9E1EC1BB99005350BC /* RxSwift.framework */; };
		3BBA4BB41EC22AEE005350BC /* Apollo.framework in CopyFiles */ = {isa = PBXBuildFile; fileRef = 3BBA4B9D1EC1BB99005350BC /* Apollo.framework */; settings = {ATTRIBUTES = (CodeSignOnCopy, RemoveHeadersOnCopy, ); }; };
		3BBA4BB51EC22AEE005350BC /* RxSwift.framework in CopyFiles */ = {isa = PBXBuildFile; fileRef = 3BBA4B9E1EC1BB99005350BC /* RxSwift.framework */; settings = {ATTRIBUTES = (CodeSignOnCopy, RemoveHeadersOnCopy, ); }; };
		3BBA4BB81EC22B68005350BC /* RxBlocking.framework in Frameworks */ = {isa = PBXBuildFile; fileRef = 3BBA4BB71EC22B5F005350BC /* RxBlocking.framework */; };
		3BBA4BB91EC22B6D005350BC /* RxBlocking.framework in CopyFiles */ = {isa = PBXBuildFile; fileRef = 3BBA4BB71EC22B5F005350BC /* RxBlocking.framework */; settings = {ATTRIBUTES = (CodeSignOnCopy, RemoveHeadersOnCopy, ); }; };
/* End PBXBuildFile section */

/* Begin PBXContainerItemProxy section */
		3BBA4BAC1EC22A5A005350BC /* PBXContainerItemProxy */ = {
			isa = PBXContainerItemProxy;
			containerPortal = 3BBA4B871EC1B9AF005350BC /* Project object */;
			proxyType = 1;
			remoteGlobalIDString = 3BBA4B8F1EC1B9AF005350BC;
			remoteInfo = RxApollo;
		};
/* End PBXContainerItemProxy section */

/* Begin PBXCopyFilesBuildPhase section */
		3BBA4BB31EC22AE3005350BC /* CopyFiles */ = {
			isa = PBXCopyFilesBuildPhase;
			buildActionMask = 2147483647;
			dstPath = "";
			dstSubfolderSpec = 10;
			files = (
				3BBA4BB41EC22AEE005350BC /* Apollo.framework in CopyFiles */,
				3BBA4BB51EC22AEE005350BC /* RxSwift.framework in CopyFiles */,
				3BBA4BB91EC22B6D005350BC /* RxBlocking.framework in CopyFiles */,
			);
			runOnlyForDeploymentPostprocessing = 0;
		};
/* End PBXCopyFilesBuildPhase section */

/* Begin PBXFileReference section */
		3BBA4B901EC1B9AF005350BC /* RxApollo.framework */ = {isa = PBXFileReference; explicitFileType = wrapper.framework; includeInIndex = 0; path = RxApollo.framework; sourceTree = BUILT_PRODUCTS_DIR; };
		3BBA4B931EC1B9AF005350BC /* RxApollo.h */ = {isa = PBXFileReference; lastKnownFileType = sourcecode.c.h; path = RxApollo.h; sourceTree = "<group>"; };
		3BBA4B941EC1B9AF005350BC /* Info.plist */ = {isa = PBXFileReference; lastKnownFileType = text.plist.xml; path = Info.plist; sourceTree = "<group>"; };
		3BBA4B9B1EC1B9E0005350BC /* RxApollo.swift */ = {isa = PBXFileReference; fileEncoding = 4; lastKnownFileType = sourcecode.swift; path = RxApollo.swift; sourceTree = "<group>"; };
		3BBA4B9D1EC1BB99005350BC /* Apollo.framework */ = {isa = PBXFileReference; lastKnownFileType = wrapper.framework; name = Apollo.framework; path = Carthage/Build/iOS/Apollo.framework; sourceTree = "<group>"; };
		3BBA4B9E1EC1BB99005350BC /* RxSwift.framework */ = {isa = PBXFileReference; lastKnownFileType = wrapper.framework; name = RxSwift.framework; path = Carthage/Build/iOS/RxSwift.framework; sourceTree = "<group>"; };
		3BBA4BA61EC22A5A005350BC /* RxApolloTests.xctest */ = {isa = PBXFileReference; explicitFileType = wrapper.cfbundle; includeInIndex = 0; path = RxApolloTests.xctest; sourceTree = BUILT_PRODUCTS_DIR; };
		3BBA4BA81EC22A5A005350BC /* RxApolloTests.swift */ = {isa = PBXFileReference; lastKnownFileType = sourcecode.swift; path = RxApolloTests.swift; sourceTree = "<group>"; };
		3BBA4BAA1EC22A5A005350BC /* Info.plist */ = {isa = PBXFileReference; lastKnownFileType = text.plist.xml; path = Info.plist; sourceTree = "<group>"; };
		3BBA4BB71EC22B5F005350BC /* RxBlocking.framework */ = {isa = PBXFileReference; lastKnownFileType = wrapper.framework; name = RxBlocking.framework; path = Carthage/Build/iOS/RxBlocking.framework; sourceTree = "<group>"; };
		3BBA4BBB1EC22CAC005350BC /* HeroName.graphql */ = {isa = PBXFileReference; lastKnownFileType = text; path = HeroName.graphql; sourceTree = "<group>"; };
/* End PBXFileReference section */

/* Begin PBXFrameworksBuildPhase section */
		3BBA4B8C1EC1B9AF005350BC /* Frameworks */ = {
			isa = PBXFrameworksBuildPhase;
			buildActionMask = 2147483647;
			files = (
				3BBA4BA01EC1BBB7005350BC /* Apollo.framework in Frameworks */,
				3BBA4BA11EC1BBB7005350BC /* RxSwift.framework in Frameworks */,
			);
			runOnlyForDeploymentPostprocessing = 0;
		};
		3BBA4BA31EC22A5A005350BC /* Frameworks */ = {
			isa = PBXFrameworksBuildPhase;
			buildActionMask = 2147483647;
			files = (
				3BBA4BAB1EC22A5A005350BC /* RxApollo.framework in Frameworks */,
				3BBA4BB11EC22AA2005350BC /* Apollo.framework in Frameworks */,
				3BBA4BB21EC22AA2005350BC /* RxSwift.framework in Frameworks */,
				3BBA4BB81EC22B68005350BC /* RxBlocking.framework in Frameworks */,
			);
			runOnlyForDeploymentPostprocessing = 0;
		};
/* End PBXFrameworksBuildPhase section */

/* Begin PBXGroup section */
		3BBA4B861EC1B9AF005350BC = {
			isa = PBXGroup;
			children = (
				3BBA4B9F1EC1BBA5005350BC /* Frameworks */,
				3BBA4B911EC1B9AF005350BC /* Products */,
				3BBA4B921EC1B9AF005350BC /* RxApollo */,
				3BBA4BA71EC22A5A005350BC /* RxApolloTests */,
			);
			sourceTree = "<group>";
		};
		3BBA4B911EC1B9AF005350BC /* Products */ = {
			isa = PBXGroup;
			children = (
				3BBA4B901EC1B9AF005350BC /* RxApollo.framework */,
				3BBA4BA61EC22A5A005350BC /* RxApolloTests.xctest */,
			);
			name = Products;
			sourceTree = "<group>";
		};
		3BBA4B921EC1B9AF005350BC /* RxApollo */ = {
			isa = PBXGroup;
			children = (
				3BBA4B941EC1B9AF005350BC /* Info.plist */,
				3BBA4B931EC1B9AF005350BC /* RxApollo.h */,
				3BBA4B9B1EC1B9E0005350BC /* RxApollo.swift */,
			);
			path = RxApollo;
			sourceTree = "<group>";
		};
		3BBA4B9F1EC1BBA5005350BC /* Frameworks */ = {
			isa = PBXGroup;
			children = (
				3BBA4BB61EC22B4C005350BC /* Testing */,
				3BBA4B9D1EC1BB99005350BC /* Apollo.framework */,
				3BBA4B9E1EC1BB99005350BC /* RxSwift.framework */,
			);
			name = Frameworks;
			sourceTree = "<group>";
		};
		3BBA4BA71EC22A5A005350BC /* RxApolloTests */ = {
			isa = PBXGroup;
			children = (
				3BBA4BBA1EC22C88005350BC /* GraphQL */,
				3BBA4BAA1EC22A5A005350BC /* Info.plist */,
				3BBA4BA81EC22A5A005350BC /* RxApolloTests.swift */,
			);
			path = RxApolloTests;
			sourceTree = "<group>";
		};
		3BBA4BB61EC22B4C005350BC /* Testing */ = {
			isa = PBXGroup;
			children = (
				3BBA4BB71EC22B5F005350BC /* RxBlocking.framework */,
			);
			name = Testing;
			sourceTree = "<group>";
		};
		3BBA4BBA1EC22C88005350BC /* GraphQL */ = {
			isa = PBXGroup;
			children = (
				3BBA4BBB1EC22CAC005350BC /* HeroName.graphql */,
			);
			name = GraphQL;
			path = GraphQL;
			sourceTree = "<group>";
		};
/* End PBXGroup section */

/* Begin PBXHeadersBuildPhase section */
		3BBA4B8D1EC1B9AF005350BC /* Headers */ = {
			isa = PBXHeadersBuildPhase;
			buildActionMask = 2147483647;
			files = (
				3BBA4B951EC1B9AF005350BC /* RxApollo.h in Headers */,
			);
			runOnlyForDeploymentPostprocessing = 0;
		};
/* End PBXHeadersBuildPhase section */

/* Begin PBXNativeTarget section */
		3BBA4B8F1EC1B9AF005350BC /* RxApollo */ = {
			isa = PBXNativeTarget;
			buildConfigurationList = 3BBA4B981EC1B9AF005350BC /* Build configuration list for PBXNativeTarget "RxApollo" */;
			buildPhases = (
				3BBA4B8B1EC1B9AF005350BC /* Sources */,
				3BBA4B8C1EC1B9AF005350BC /* Frameworks */,
				3BBA4B8D1EC1B9AF005350BC /* Headers */,
				3BBA4B8E1EC1B9AF005350BC /* Resources */,
			);
			buildRules = (
			);
			dependencies = (
			);
			name = RxApollo;
			productName = RxApollo;
			productReference = 3BBA4B901EC1B9AF005350BC /* RxApollo.framework */;
			productType = "com.apple.product-type.framework";
		};
		3BBA4BA51EC22A5A005350BC /* RxApolloTests */ = {
			isa = PBXNativeTarget;
			buildConfigurationList = 3BBA4BAE1EC22A5A005350BC /* Build configuration list for PBXNativeTarget "RxApolloTests" */;
			buildPhases = (
				3BBA4BBC1EC22CD0005350BC /* Generate GraphQL Code */,
				3BBA4BA21EC22A5A005350BC /* Sources */,
				3BBA4BA31EC22A5A005350BC /* Frameworks */,
				3BBA4BA41EC22A5A005350BC /* Resources */,
				3BBA4BB31EC22AE3005350BC /* CopyFiles */,
			);
			buildRules = (
			);
			dependencies = (
				3BBA4BAD1EC22A5A005350BC /* PBXTargetDependency */,
			);
			name = RxApolloTests;
			productName = RxApolloTests;
			productReference = 3BBA4BA61EC22A5A005350BC /* RxApolloTests.xctest */;
			productType = "com.apple.product-type.bundle.unit-test";
		};
/* End PBXNativeTarget section */

/* Begin PBXProject section */
		3BBA4B871EC1B9AF005350BC /* Project object */ = {
			isa = PBXProject;
			attributes = {
				LastSwiftUpdateCheck = 0830;
				LastUpgradeCheck = 0830;
				ORGANIZATIONNAME = "Scott Hoyt";
				TargetAttributes = {
					3BBA4B8F1EC1B9AF005350BC = {
						CreatedOnToolsVersion = 8.3.1;
						DevelopmentTeam = 3NVCP5J66M;
						LastSwiftMigration = 0830;
						ProvisioningStyle = Automatic;
					};
					3BBA4BA51EC22A5A005350BC = {
						CreatedOnToolsVersion = 8.3.1;
						DevelopmentTeam = 3NVCP5J66M;
						ProvisioningStyle = Automatic;
					};
				};
			};
			buildConfigurationList = 3BBA4B8A1EC1B9AF005350BC /* Build configuration list for PBXProject "RxApollo" */;
			compatibilityVersion = "Xcode 3.2";
			developmentRegion = English;
			hasScannedForEncodings = 0;
			knownRegions = (
				en,
			);
			mainGroup = 3BBA4B861EC1B9AF005350BC;
			productRefGroup = 3BBA4B911EC1B9AF005350BC /* Products */;
			projectDirPath = "";
			projectRoot = "";
			targets = (
				3BBA4B8F1EC1B9AF005350BC /* RxApollo */,
				3BBA4BA51EC22A5A005350BC /* RxApolloTests */,
			);
		};
/* End PBXProject section */

/* Begin PBXResourcesBuildPhase section */
		3BBA4B8E1EC1B9AF005350BC /* Resources */ = {
			isa = PBXResourcesBuildPhase;
			buildActionMask = 2147483647;
			files = (
			);
			runOnlyForDeploymentPostprocessing = 0;
		};
		3BBA4BA41EC22A5A005350BC /* Resources */ = {
			isa = PBXResourcesBuildPhase;
			buildActionMask = 2147483647;
			files = (
			);
			runOnlyForDeploymentPostprocessing = 0;
		};
/* End PBXResourcesBuildPhase section */

/* Begin PBXShellScriptBuildPhase section */
		3BBA4BBC1EC22CD0005350BC /* Generate GraphQL Code */ = {
			isa = PBXShellScriptBuildPhase;
			buildActionMask = 2147483647;
			files = (
			);
			inputPaths = (
			);
			name = "Generate GraphQL Code";
			outputPaths = (
			);
			runOnlyForDeploymentPostprocessing = 0;
			shellPath = /bin/sh;
			shellScript = "APOLLO_FRAMEWORK_PATH=$(eval find $FRAMEWORK_SEARCH_PATHS -name \"Apollo.framework\" -maxdepth 1)\n\nif [ -z \"$APOLLO_FRAMEWORK_PATH\" ]; then\necho \"error: Couldn't find Apollo.framework in FRAMEWORK_SEARCH_PATHS; make sure to add the framework to your project.\"\nexit 1\nfi\n\ncd ${SRCROOT}/Tests/ApolloTests/StarWars\n$APOLLO_FRAMEWORK_PATH/check-and-run-apollo-codegen.sh generate $(find . -name '*.graphql') --schema schema.json --output API.swift";
		};
/* End PBXShellScriptBuildPhase section */

/* Begin PBXSourcesBuildPhase section */
		3BBA4B8B1EC1B9AF005350BC /* Sources */ = {
			isa = PBXSourcesBuildPhase;
			buildActionMask = 2147483647;
			files = (
				3BBA4B9C1EC1B9E0005350BC /* RxApollo.swift in Sources */,
			);
			runOnlyForDeploymentPostprocessing = 0;
		};
		3BBA4BA21EC22A5A005350BC /* Sources */ = {
			isa = PBXSourcesBuildPhase;
			buildActionMask = 2147483647;
			files = (
				3BBA4BA91EC22A5A005350BC /* RxApolloTests.swift in Sources */,
			);
			runOnlyForDeploymentPostprocessing = 0;
		};
/* End PBXSourcesBuildPhase section */

/* Begin PBXTargetDependency section */
		3BBA4BAD1EC22A5A005350BC /* PBXTargetDependency */ = {
			isa = PBXTargetDependency;
			target = 3BBA4B8F1EC1B9AF005350BC /* RxApollo */;
			targetProxy = 3BBA4BAC1EC22A5A005350BC /* PBXContainerItemProxy */;
		};
/* End PBXTargetDependency section */

/* Begin XCBuildConfiguration section */
		3BBA4B961EC1B9AF005350BC /* Debug */ = {
			isa = XCBuildConfiguration;
			buildSettings = {
				ALWAYS_SEARCH_USER_PATHS = NO;
				CLANG_ANALYZER_NONNULL = YES;
				CLANG_ANALYZER_NUMBER_OBJECT_CONVERSION = YES_AGGRESSIVE;
				CLANG_CXX_LANGUAGE_STANDARD = "gnu++0x";
				CLANG_CXX_LIBRARY = "libc++";
				CLANG_ENABLE_MODULES = YES;
				CLANG_ENABLE_OBJC_ARC = YES;
				CLANG_WARN_BOOL_CONVERSION = YES;
				CLANG_WARN_CONSTANT_CONVERSION = YES;
				CLANG_WARN_DIRECT_OBJC_ISA_USAGE = YES_ERROR;
				CLANG_WARN_DOCUMENTATION_COMMENTS = YES;
				CLANG_WARN_EMPTY_BODY = YES;
				CLANG_WARN_ENUM_CONVERSION = YES;
				CLANG_WARN_INFINITE_RECURSION = YES;
				CLANG_WARN_INT_CONVERSION = YES;
				CLANG_WARN_OBJC_ROOT_CLASS = YES_ERROR;
				CLANG_WARN_SUSPICIOUS_MOVE = YES;
				CLANG_WARN_UNREACHABLE_CODE = YES;
				CLANG_WARN__DUPLICATE_METHOD_MATCH = YES;
				"CODE_SIGN_IDENTITY[sdk=iphoneos*]" = "iPhone Developer";
				COPY_PHASE_STRIP = NO;
				CURRENT_PROJECT_VERSION = 1;
				DEBUG_INFORMATION_FORMAT = dwarf;
				ENABLE_STRICT_OBJC_MSGSEND = YES;
				ENABLE_TESTABILITY = YES;
				GCC_C_LANGUAGE_STANDARD = gnu99;
				GCC_DYNAMIC_NO_PIC = NO;
				GCC_NO_COMMON_BLOCKS = YES;
				GCC_OPTIMIZATION_LEVEL = 0;
				GCC_PREPROCESSOR_DEFINITIONS = (
					"DEBUG=1",
					"$(inherited)",
				);
				GCC_WARN_64_TO_32_BIT_CONVERSION = YES;
				GCC_WARN_ABOUT_RETURN_TYPE = YES_ERROR;
				GCC_WARN_UNDECLARED_SELECTOR = YES;
				GCC_WARN_UNINITIALIZED_AUTOS = YES_AGGRESSIVE;
				GCC_WARN_UNUSED_FUNCTION = YES;
				GCC_WARN_UNUSED_VARIABLE = YES;
				IPHONEOS_DEPLOYMENT_TARGET = 10.3;
				MTL_ENABLE_DEBUG_INFO = YES;
				ONLY_ACTIVE_ARCH = YES;
				SDKROOT = iphoneos;
				SWIFT_ACTIVE_COMPILATION_CONDITIONS = DEBUG;
				SWIFT_OPTIMIZATION_LEVEL = "-Onone";
				TARGETED_DEVICE_FAMILY = "1,2";
				VERSIONING_SYSTEM = "apple-generic";
				VERSION_INFO_PREFIX = "";
			};
			name = Debug;
		};
		3BBA4B971EC1B9AF005350BC /* Release */ = {
			isa = XCBuildConfiguration;
			buildSettings = {
				ALWAYS_SEARCH_USER_PATHS = NO;
				CLANG_ANALYZER_NONNULL = YES;
				CLANG_ANALYZER_NUMBER_OBJECT_CONVERSION = YES_AGGRESSIVE;
				CLANG_CXX_LANGUAGE_STANDARD = "gnu++0x";
				CLANG_CXX_LIBRARY = "libc++";
				CLANG_ENABLE_MODULES = YES;
				CLANG_ENABLE_OBJC_ARC = YES;
				CLANG_WARN_BOOL_CONVERSION = YES;
				CLANG_WARN_CONSTANT_CONVERSION = YES;
				CLANG_WARN_DIRECT_OBJC_ISA_USAGE = YES_ERROR;
				CLANG_WARN_DOCUMENTATION_COMMENTS = YES;
				CLANG_WARN_EMPTY_BODY = YES;
				CLANG_WARN_ENUM_CONVERSION = YES;
				CLANG_WARN_INFINITE_RECURSION = YES;
				CLANG_WARN_INT_CONVERSION = YES;
				CLANG_WARN_OBJC_ROOT_CLASS = YES_ERROR;
				CLANG_WARN_SUSPICIOUS_MOVE = YES;
				CLANG_WARN_UNREACHABLE_CODE = YES;
				CLANG_WARN__DUPLICATE_METHOD_MATCH = YES;
				"CODE_SIGN_IDENTITY[sdk=iphoneos*]" = "iPhone Developer";
				COPY_PHASE_STRIP = NO;
				CURRENT_PROJECT_VERSION = 1;
				DEBUG_INFORMATION_FORMAT = "dwarf-with-dsym";
				ENABLE_NS_ASSERTIONS = NO;
				ENABLE_STRICT_OBJC_MSGSEND = YES;
				GCC_C_LANGUAGE_STANDARD = gnu99;
				GCC_NO_COMMON_BLOCKS = YES;
				GCC_WARN_64_TO_32_BIT_CONVERSION = YES;
				GCC_WARN_ABOUT_RETURN_TYPE = YES_ERROR;
				GCC_WARN_UNDECLARED_SELECTOR = YES;
				GCC_WARN_UNINITIALIZED_AUTOS = YES_AGGRESSIVE;
				GCC_WARN_UNUSED_FUNCTION = YES;
				GCC_WARN_UNUSED_VARIABLE = YES;
				IPHONEOS_DEPLOYMENT_TARGET = 10.3;
				MTL_ENABLE_DEBUG_INFO = NO;
				SDKROOT = iphoneos;
				SWIFT_OPTIMIZATION_LEVEL = "-Owholemodule";
				TARGETED_DEVICE_FAMILY = "1,2";
				VALIDATE_PRODUCT = YES;
				VERSIONING_SYSTEM = "apple-generic";
				VERSION_INFO_PREFIX = "";
			};
			name = Release;
		};
		3BBA4B991EC1B9AF005350BC /* Debug */ = {
			isa = XCBuildConfiguration;
			buildSettings = {
				CLANG_ENABLE_MODULES = YES;
				CODE_SIGN_IDENTITY = "";
				DEFINES_MODULE = YES;
				DEVELOPMENT_TEAM = 3NVCP5J66M;
				DYLIB_COMPATIBILITY_VERSION = 1;
				DYLIB_CURRENT_VERSION = 1;
				DYLIB_INSTALL_NAME_BASE = "@rpath";
				FRAMEWORK_SEARCH_PATHS = (
					"$(inherited)",
					"$(PROJECT_DIR)/Carthage/Build/iOS",
				);
				INFOPLIST_FILE = RxApollo/Info.plist;
				INSTALL_PATH = "$(LOCAL_LIBRARY_DIR)/Frameworks";
				IPHONEOS_DEPLOYMENT_TARGET = 8.0;
				LD_RUNPATH_SEARCH_PATHS = "$(inherited) @executable_path/Frameworks @loader_path/Frameworks";
				PRODUCT_BUNDLE_IDENTIFIER = com.scotthoyt.RxApollo;
				PRODUCT_NAME = "$(TARGET_NAME)";
				SKIP_INSTALL = YES;
				SWIFT_OPTIMIZATION_LEVEL = "-Onone";
				SWIFT_VERSION = 3.0;
			};
			name = Debug;
		};
		3BBA4B9A1EC1B9AF005350BC /* Release */ = {
			isa = XCBuildConfiguration;
			buildSettings = {
				CLANG_ENABLE_MODULES = YES;
				CODE_SIGN_IDENTITY = "";
				DEFINES_MODULE = YES;
				DEVELOPMENT_TEAM = 3NVCP5J66M;
				DYLIB_COMPATIBILITY_VERSION = 1;
				DYLIB_CURRENT_VERSION = 1;
				DYLIB_INSTALL_NAME_BASE = "@rpath";
				FRAMEWORK_SEARCH_PATHS = (
					"$(inherited)",
					"$(PROJECT_DIR)/Carthage/Build/iOS",
				);
				INFOPLIST_FILE = RxApollo/Info.plist;
				INSTALL_PATH = "$(LOCAL_LIBRARY_DIR)/Frameworks";
				IPHONEOS_DEPLOYMENT_TARGET = 8.0;
				LD_RUNPATH_SEARCH_PATHS = "$(inherited) @executable_path/Frameworks @loader_path/Frameworks";
				PRODUCT_BUNDLE_IDENTIFIER = com.scotthoyt.RxApollo;
				PRODUCT_NAME = "$(TARGET_NAME)";
				SKIP_INSTALL = YES;
				SWIFT_VERSION = 3.0;
			};
			name = Release;
		};
		3BBA4BAF1EC22A5A005350BC /* Debug */ = {
			isa = XCBuildConfiguration;
			buildSettings = {
				DEVELOPMENT_TEAM = 3NVCP5J66M;
				FRAMEWORK_SEARCH_PATHS = (
					"$(inherited)",
					"$(PROJECT_DIR)/Carthage/Build/iOS",
				);
				INFOPLIST_FILE = RxApolloTests/Info.plist;
				LD_RUNPATH_SEARCH_PATHS = "$(inherited) @executable_path/Frameworks @loader_path/Frameworks";
				PRODUCT_BUNDLE_IDENTIFIER = com.scotthoyt.RxApolloTests;
				PRODUCT_NAME = "$(TARGET_NAME)";
				SWIFT_VERSION = 3.0;
			};
			name = Debug;
		};
		3BBA4BB01EC22A5A005350BC /* Release */ = {
			isa = XCBuildConfiguration;
			buildSettings = {
				DEVELOPMENT_TEAM = 3NVCP5J66M;
				FRAMEWORK_SEARCH_PATHS = (
					"$(inherited)",
					"$(PROJECT_DIR)/Carthage/Build/iOS",
				);
				INFOPLIST_FILE = RxApolloTests/Info.plist;
				LD_RUNPATH_SEARCH_PATHS = "$(inherited) @executable_path/Frameworks @loader_path/Frameworks";
				PRODUCT_BUNDLE_IDENTIFIER = com.scotthoyt.RxApolloTests;
				PRODUCT_NAME = "$(TARGET_NAME)";
				SWIFT_VERSION = 3.0;
			};
			name = Release;
		};
/* End XCBuildConfiguration section */

/* Begin XCConfigurationList section */
		3BBA4B8A1EC1B9AF005350BC /* Build configuration list for PBXProject "RxApollo" */ = {
			isa = XCConfigurationList;
			buildConfigurations = (
				3BBA4B961EC1B9AF005350BC /* Debug */,
				3BBA4B971EC1B9AF005350BC /* Release */,
			);
			defaultConfigurationIsVisible = 0;
			defaultConfigurationName = Release;
		};
		3BBA4B981EC1B9AF005350BC /* Build configuration list for PBXNativeTarget "RxApollo" */ = {
			isa = XCConfigurationList;
			buildConfigurations = (
				3BBA4B991EC1B9AF005350BC /* Debug */,
				3BBA4B9A1EC1B9AF005350BC /* Release */,
			);
			defaultConfigurationIsVisible = 0;
		};
		3BBA4BAE1EC22A5A005350BC /* Build configuration list for PBXNativeTarget "RxApolloTests" */ = {
			isa = XCConfigurationList;
			buildConfigurations = (
				3BBA4BAF1EC22A5A005350BC /* Debug */,
				3BBA4BB01EC22A5A005350BC /* Release */,
			);
			defaultConfigurationIsVisible = 0;
		};
/* End XCConfigurationList section */
	};
	rootObject = 3BBA4B871EC1B9AF005350BC /* Project object */;
}
